
Microsoft Visual Studio Solution File, Format Version 12.00
# Visual Studio Version 17
VisualStudioVersion = 17.1.32421.90
MinimumVisualStudioVersion = 10.0.40219.1
Project("{FAE04EC0-301F-11D3-BF4B-00C04F79EFBC}") = "CodingTank957", "CodingTank957\CodingTank957.csproj", "{688BB020-7AC6-4701-9B3F-56C85AF0DBE2}"
EndProject
Global
	GlobalSection(SolutionConfigurationPlatforms) = preSolution
		Debug|Any CPU = Debug|Any CPU
		Release|Any CPU = Release|Any CPU
	EndGlobalSection
	GlobalSection(ProjectConfigurationPlatforms) = postSolution
		{688BB020-7AC6-4701-9B3F-56C85AF0DBE2}.Debug|Any CPU.ActiveCfg = Debug|Any CPU
		{688BB020-7AC6-4701-9B3F-56C85AF0DBE2}.Debug|Any CPU.Build.0 = Debug|Any CPU
		{688BB020-7AC6-4701-9B3F-56C85AF0DBE2}.Release|Any CPU.ActiveCfg = Release|Any CPU
		{688BB020-7AC6-4701-9B3F-56C85AF0DBE2}.Release|Any CPU.Build.0 = Release|Any CPU
	EndGlobalSection
	GlobalSection(SolutionProperties) = preSolution
		HideSolutionNode = FALSE
	EndGlobalSection
	GlobalSection(ExtensibilityGlobals) = postSolution
		SolutionGuid = {36EF6B7D-31B0-4C9A-AE74-C682D3A39F7B}
	EndGlobalSection
EndGlobal
